
Microsoft Visual Studio Solution File, Format Version 12.00
# Visual Studio Version 17
VisualStudioVersion = 17.2.32526.322
MinimumVisualStudioVersion = 10.0.40219.1
Project("{FAE04EC0-301F-11D3-BF4B-00C04F79EFBC}") = "VehicleMarks", "VehicleMarks\VehicleMarks.csproj", "{54599B2F-1A9B-4E75-B50A-28050571E7D2}"
EndProject
Global
	GlobalSection(SolutionConfigurationPlatforms) = preSolution
		Debug|Any CPU = Debug|Any CPU
		Release|Any CPU = Release|Any CPU
	EndGlobalSection
	GlobalSection(ProjectConfigurationPlatforms) = postSolution
		{54599B2F-1A9B-4E75-B50A-28050571E7D2}.Debug|Any CPU.ActiveCfg = Debug|Any CPU
		{54599B2F-1A9B-4E75-B50A-28050571E7D2}.Debug|Any CPU.Build.0 = Debug|Any CPU
		{54599B2F-1A9B-4E75-B50A-28050571E7D2}.Release|Any CPU.ActiveCfg = Release|Any CPU
		{54599B2F-1A9B-4E75-B50A-28050571E7D2}.Release|Any CPU.Build.0 = Release|Any CPU
	EndGlobalSection
	GlobalSection(SolutionProperties) = preSolution
		HideSolutionNode = FALSE
	EndGlobalSection
	GlobalSection(ExtensibilityGlobals) = postSolution
		SolutionGuid = {28B138BF-D54A-4B3C-930E-FCB06AC42821}
	EndGlobalSection
EndGlobal
